
Microsoft Visual Studio Solution File, Format Version 12.00
# Visual Studio 2012
Project("{FAE04EC0-301F-11D3-BF4B-00C04F79EFBC}") = "ReactivePropertySample", "ReactivePropertySample\ReactivePropertySample.csproj", "{4D2FBC1D-EDDD-4D65-AA66-D4A9E9D4ED88}"
EndProject
Global
	GlobalSection(SolutionConfigurationPlatforms) = preSolution
		Debug|x86 = Debug|x86
		Release|x86 = Release|x86
	EndGlobalSection
	GlobalSection(ProjectConfigurationPlatforms) = postSolution
		{4D2FBC1D-EDDD-4D65-AA66-D4A9E9D4ED88}.Debug|x86.ActiveCfg = Debug|x86
		{4D2FBC1D-EDDD-4D65-AA66-D4A9E9D4ED88}.Debug|x86.Build.0 = Debug|x86
		{4D2FBC1D-EDDD-4D65-AA66-D4A9E9D4ED88}.Release|x86.ActiveCfg = Release|x86
		{4D2FBC1D-EDDD-4D65-AA66-D4A9E9D4ED88}.Release|x86.Build.0 = Release|x86
	EndGlobalSection
EndGlobal
